<?xml version="1.0" encoding="utf-8"?>
<Project ToolsVersion="4.0" xmlns="http://schemas.microsoft.com/developer/msbuild/2003">
  <ItemGroup>
    <Filter Include="Archivos de recursos">
      <UniqueIdentifier>{67DA6AB6-F800-4c08-8B7A-83BB121AAD01}</UniqueIdentifier>
      <Extensions>rc;ico;cur;bmp;dlg;rc2;rct;bin;rgs;gif;jpg;jpeg;jpe;resx;tiff;tif;png;wav;mfcribbon-ms</Extensions>
    </Filter>
    <Filter Include="src">
      <UniqueIdentifier>{567373f7-80e0-41b6-87f4-30cdc43f4836}</UniqueIdentifier>
    </Filter>
    <Filter Include="src\declarations">
      <UniqueIdentifier>{9d6fe0d6-05cc-4faf-b63e-b817204b6c2f}</UniqueIdentifier>
    </Filter>
    <Filter Include="src\definitions">
      <UniqueIdentifier>{208f5083-f382-4aa6-bc1d-0b957c69902c}</UniqueIdentifier>
    </Filter>
    <Filter Include="res">
      <UniqueIdentifier>{d993763d-6ef4-469b-8ec2-5cfb843af4f7}</UniqueIdentifier>
    </Filter>
    <Filter Include="res\shaders">
      <UniqueIdentifier>{9624e130-453a-44ed-a639-3f5905f8ee68}</UniqueIdentifier>
    </Filter>
  </ItemGroup>
  <ItemGroup>
    <ClCompile Include="src\gamebase.cpp">
      <Filter>src\definitions</Filter>
    </ClCompile>
    <ClCompile Include="src\window.cpp">
      <Filter>src\definitions</Filter>
    </ClCompile>
    <ClCompile Include="src\renderer.cpp">
      <Filter>src\definitions</Filter>
    </ClCompile>
    <ClCompile Include="src\entity.cpp">
      <Filter>src\definitions</Filter>
    </ClCompile>
    <ClCompile Include="src\shape.cpp">
      <Filter>src\definitions</Filter>
    </ClCompile>
    <ClCompile Include="src\Entity2D.cpp">
      <Filter>src\definitions</Filter>
    </ClCompile>
    <ClCompile Include="src\material.cpp">
      <Filter>src\definitions</Filter>
    </ClCompile>
  </ItemGroup>
  <ItemGroup>
    <ClInclude Include="src\includes.h">
      <Filter>src\declarations</Filter>
    </ClInclude>
    <ClInclude Include="src\export.h">
      <Filter>src\declarations</Filter>
    </ClInclude>
    <ClInclude Include="src\gamebase.h">
      <Filter>src\declarations</Filter>
    </ClInclude>
    <ClInclude Include="src\window.h">
      <Filter>src\declarations</Filter>
    </ClInclude>
    <ClInclude Include="src\renderer.h">
      <Filter>src\declarations</Filter>
    </ClInclude>
    <ClInclude Include="src\entity.h">
      <Filter>src\declarations</Filter>
    </ClInclude>
    <ClInclude Include="src\shape.h">
      <Filter>src\declarations</Filter>
    </ClInclude>
    <ClInclude Include="src\Entity2D.h">
      <Filter>src\declarations</Filter>
    </ClInclude>
    <ClInclude Include="src\material.h">
      <Filter>src\declarations</Filter>
    </ClInclude>
  </ItemGroup>
  <ItemGroup>
    <None Include="res\shaders\shader-vs.shader">
      <Filter>res\shaders</Filter>
    </None>
    <None Include="res\shaders\shader-fs.shader">
      <Filter>res\shaders</Filter>
    </None>
  </ItemGroup>
</Project>