<?xml version="1.0" encoding="utf-8"?>
<Project ToolsVersion="4.0" xmlns="http://schemas.microsoft.com/developer/msbuild/2003">
  <ItemGroup>
    <Filter Include="Archivos de recursos">
      <UniqueIdentifier>{67DA6AB6-F800-4c08-8B7A-83BB121AAD01}</UniqueIdentifier>
      <Extensions>rc;ico;cur;bmp;dlg;rc2;rct;bin;rgs;gif;jpg;jpeg;jpe;resx;tiff;tif;png;wav;mfcribbon-ms</Extensions>
    </Filter>
    <Filter Include="src">
      <UniqueIdentifier>{567373f7-80e0-41b6-87f4-30cdc43f4836}</UniqueIdentifier>
    </Filter>
    <Filter Include="res">
      <UniqueIdentifier>{d993763d-6ef4-469b-8ec2-5cfb843af4f7}</UniqueIdentifier>
    </Filter>
    <Filter Include="res\shaders">
      <UniqueIdentifier>{9624e130-453a-44ed-a639-3f5905f8ee68}</UniqueIdentifier>
    </Filter>
    <Filter Include="src\stb_image">
      <UniqueIdentifier>{5e4b0989-ca2e-4d54-9f3f-7ad048a2567b}</UniqueIdentifier>
    </Filter>
    <Filter Include="src\render">
      <UniqueIdentifier>{8f2ff6bf-17d7-4495-8180-d85d51626d01}</UniqueIdentifier>
    </Filter>
    <Filter Include="src\gamebase">
      <UniqueIdentifier>{554ebdac-4fd1-481d-bf2c-f5bb20bf3645}</UniqueIdentifier>
    </Filter>
    <Filter Include="src\window">
      <UniqueIdentifier>{dfa6c1d6-8626-428d-841f-1f9e0a3be89c}</UniqueIdentifier>
    </Filter>
    <Filter Include="src\entity">
      <UniqueIdentifier>{1bd08f1a-fc96-4046-a2bf-b0cced0549e4}</UniqueIdentifier>
    </Filter>
    <Filter Include="src\entity2D">
      <UniqueIdentifier>{26d6cf91-07ae-4fc1-a6eb-38f455b4cb0c}</UniqueIdentifier>
    </Filter>
    <Filter Include="src\sprite">
      <UniqueIdentifier>{d45a8175-87b3-4a1b-acdb-2ae289a7631e}</UniqueIdentifier>
    </Filter>
    <Filter Include="src\TextureImporter">
      <UniqueIdentifier>{77038600-71db-44ac-8996-5303ecb106db}</UniqueIdentifier>
    </Filter>
    <Filter Include="src\shape">
      <UniqueIdentifier>{ba4c91d0-ac34-4752-b9c1-dc7466b3d1a5}</UniqueIdentifier>
    </Filter>
    <Filter Include="src\tools">
      <UniqueIdentifier>{9d6fe0d6-05cc-4faf-b63e-b817204b6c2f}</UniqueIdentifier>
    </Filter>
  </ItemGroup>
  <ItemGroup>
    <ClCompile Include="src\stb_image.cpp">
      <Filter>src\stb_image</Filter>
    </ClCompile>
    <ClCompile Include="src\renderer.cpp">
      <Filter>src\render</Filter>
    </ClCompile>
    <ClCompile Include="src\gamebase.cpp">
      <Filter>src\gamebase</Filter>
    </ClCompile>
    <ClCompile Include="src\window.cpp">
      <Filter>src\window</Filter>
    </ClCompile>
    <ClCompile Include="src\entity.cpp">
      <Filter>src\entity</Filter>
    </ClCompile>
    <ClCompile Include="src\Entity2D.cpp">
      <Filter>src\entity2D</Filter>
    </ClCompile>
    <ClCompile Include="src\sprite.cpp">
      <Filter>src\sprite</Filter>
    </ClCompile>
    <ClCompile Include="src\textureImporter.cpp">
      <Filter>src\TextureImporter</Filter>
    </ClCompile>
    <ClCompile Include="src\shape.cpp">
      <Filter>src\shape</Filter>
    </ClCompile>
  </ItemGroup>
  <ItemGroup>
    <ClInclude Include="src\includes.h">
      <Filter>src\tools</Filter>
    </ClInclude>
    <ClInclude Include="src\export.h">
      <Filter>src\tools</Filter>
    </ClInclude>
    <ClInclude Include="src\stb_image.h">
      <Filter>src\stb_image</Filter>
    </ClInclude>
    <ClInclude Include="src\renderer.h">
      <Filter>src\render</Filter>
    </ClInclude>
    <ClInclude Include="src\gamebase.h">
      <Filter>src\gamebase</Filter>
    </ClInclude>
    <ClInclude Include="src\window.h">
      <Filter>src\window</Filter>
    </ClInclude>
    <ClInclude Include="src\entity.h">
      <Filter>src\entity</Filter>
    </ClInclude>
    <ClInclude Include="src\Entity2D.h">
      <Filter>src\entity2D</Filter>
    </ClInclude>
    <ClInclude Include="src\sprite.h">
      <Filter>src\sprite</Filter>
    </ClInclude>
    <ClInclude Include="src\textureImporter.h">
      <Filter>src\TextureImporter</Filter>
    </ClInclude>
    <ClInclude Include="src\shape.h">
      <Filter>src\shape</Filter>
    </ClInclude>
  </ItemGroup>
  <ItemGroup>
    <None Include="res\shaders\shader-vs.shader">
      <Filter>res\shaders</Filter>
    </None>
    <None Include="res\shaders\shader-fs.shader">
      <Filter>res\shaders</Filter>
    </None>
  </ItemGroup>
</Project>